{
  "name": "vortexai-frontend",
  "version": "1.0.0",
  "lockfileVersion": 3,
  "requires": true,
  "packages": {
    "": {
      "name": "vortexai-frontend",
      "version": "1.0.0",
      "type": "module",
      "dependencies": {
        "react": "^18.2.0",
        "react-dom": "^18.2.0"
      },
      "devDependencies": {
        "@vitejs/plugin-react": "^4.0.3",
        "vite": "^4.4.5"
      }
    }
  }
}
